<?xml version="1.0" encoding="utf-8"?>
<Project ToolsVersion="4.0" xmlns="http://schemas.microsoft.com/developer/msbuild/2003">
  <ItemGroup>
    <Filter Include="Source Files">
      <UniqueIdentifier>{4FC737F1-C7A5-4376-A066-2A32D752A2FF}</UniqueIdentifier>
      <Extensions>cpp;c;cc;cxx;def;odl;idl;hpj;bat;asm;asmx</Extensions>
    </Filter>
    <Filter Include="Header Files">
      <UniqueIdentifier>{93995380-89BD-4b04-88EB-625FBE52EBFB}</UniqueIdentifier>
      <Extensions>h;hh;hpp;hxx;hm;inl;inc;xsd</Extensions>
    </Filter>
    <Filter Include="Resource Files">
      <UniqueIdentifier>{67DA6AB6-F800-4c08-8B7A-83BB121AAD01}</UniqueIdentifier>
      <Extensions>rc;ico;cur;bmp;dlg;rc2;rct;bin;rgs;gif;jpg;jpeg;jpe;resx;tiff;tif;png;wav;mfcribbon-ms</Extensions>
    </Filter>
    <Filter Include="Header Files\base">
      <UniqueIdentifier>{5b18dc40-1616-48af-b879-a2435c7f3915}</UniqueIdentifier>
    </Filter>
    <Filter Include="Header Files\colorcontrol">
      <UniqueIdentifier>{58f72deb-05d8-476f-9cab-52072a64f14c}</UniqueIdentifier>
    </Filter>
    <Filter Include="Source Files\base">
      <UniqueIdentifier>{89190433-b278-4cb8-92fc-ae932b36f202}</UniqueIdentifier>
    </Filter>
    <Filter Include="Source Files\util">
      <UniqueIdentifier>{004a1675-56e5-4080-ad0d-738ef222a914}</UniqueIdentifier>
    </Filter>
    <Filter Include="Source Files\colorcontrol">
      <UniqueIdentifier>{f378fe4b-babf-410b-91e3-94ffa228cc3b}</UniqueIdentifier>
    </Filter>
    <Filter Include="Header Files\util">
      <UniqueIdentifier>{0ede20e2-ea40-4808-bca9-d7bc9a413c38}</UniqueIdentifier>
    </Filter>
    <Filter Include="Header Files\colorcontrol\base">
      <UniqueIdentifier>{0efc2c2f-c4b4-436a-bd2f-74a2aa9f12f8}</UniqueIdentifier>
    </Filter>
    <Filter Include="Source Files\colorcontrol\base">
      <UniqueIdentifier>{6acc8dc6-3b40-498d-8a50-52a2361c666d}</UniqueIdentifier>
    </Filter>
    <Filter Include="Source Files\colorcontrol\base\impl">
      <UniqueIdentifier>{f49b45d6-7c4c-49f5-9208-db09c5d03015}</UniqueIdentifier>
    </Filter>
    <Filter Include="Header Files\colorcontrol\base\impl">
      <UniqueIdentifier>{a42f4ef7-57ec-4133-83c8-b45b2ebf9988}</UniqueIdentifier>
    </Filter>
    <Filter Include="Header Files\jenkins">
      <UniqueIdentifier>{593981c1-3904-4f5f-aacf-7df065390260}</UniqueIdentifier>
    </Filter>
    <Filter Include="Source Files\jenkins">
      <UniqueIdentifier>{999198c6-900d-4764-bbd2-a3d6a44b184d}</UniqueIdentifier>
    </Filter>
  </ItemGroup>
  <ItemGroup>
    <Text Include="ReadMe.txt" />
  </ItemGroup>
  <ItemGroup>
    <ClInclude Include="ColorUtil.h">
      <Filter>Header Files\util</Filter>
    </ClInclude>
    <ClInclude Include="stdafx.h">
      <Filter>Header Files\base</Filter>
    </ClInclude>
    <ClInclude Include="targetver.h">
      <Filter>Header Files\base</Filter>
    </ClInclude>
    <ClInclude Include="RgbController.h">
      <Filter>Header Files\colorcontrol</Filter>
    </ClInclude>
    <ClInclude Include="Key.h">
      <Filter>Header Files\util</Filter>
    </ClInclude>
    <ClInclude Include="KeyRegion.h">
      <Filter>Header Files\util</Filter>
    </ClInclude>
    <ClInclude Include="Effect.h">
      <Filter>Header Files\colorcontrol\base</Filter>
    </ClInclude>
    <ClInclude Include="ContinuousEffect.h">
      <Filter>Header Files\colorcontrol\base</Filter>
    </ClInclude>
    <ClInclude Include="FiniteEffect.h">
      <Filter>Header Files\colorcontrol\base</Filter>
    </ClInclude>
    <ClInclude Include="CycleColorsEffect.h">
      <Filter>Header Files\colorcontrol\base\impl</Filter>
    </ClInclude>
    <ClInclude Include="..\libx86\SDKDLL.h">
      <Filter>Header Files\base</Filter>
    </ClInclude>
    <ClInclude Include="HsvColor.h">
      <Filter>Header Files\util</Filter>
    </ClInclude>
    <ClInclude Include="RgbColor.h">
      <Filter>Header Files\util</Filter>
    </ClInclude>
    <ClInclude Include="RandomColorFadeInEffect.h">
      <Filter>Header Files\colorcontrol\base\impl</Filter>
    </ClInclude>
    <ClInclude Include="StaticColorFadeInEffect.h">
      <Filter>Header Files\colorcontrol\base\impl</Filter>
    </ClInclude>
    <ClInclude Include="JenkinsRequestHelper.h">
      <Filter>Header Files\jenkins</Filter>
    </ClInclude>
  </ItemGroup>
  <ItemGroup>
    <ClCompile Include="ColorUtil.cpp">
      <Filter>Source Files\util</Filter>
    </ClCompile>
    <ClCompile Include="RdbConsoleDebug.cpp">
      <Filter>Source Files\base</Filter>
    </ClCompile>
    <ClCompile Include="stdafx.cpp">
      <Filter>Source Files\base</Filter>
    </ClCompile>
    <ClCompile Include="Key.cpp">
      <Filter>Source Files\util</Filter>
    </ClCompile>
    <ClCompile Include="KeyRegion.cpp">
      <Filter>Source Files\util</Filter>
    </ClCompile>
    <ClCompile Include="rgb.cpp">
      <Filter>Source Files\util</Filter>
    </ClCompile>
    <ClCompile Include="Effect.cpp">
      <Filter>Source Files\colorcontrol\base</Filter>
    </ClCompile>
    <ClCompile Include="FiniteEffect.cpp">
      <Filter>Source Files\colorcontrol\base</Filter>
    </ClCompile>
    <ClCompile Include="ContinuousEffect.cpp">
      <Filter>Source Files\colorcontrol\base</Filter>
    </ClCompile>
    <ClCompile Include="CycleColorsEffect.cpp">
      <Filter>Source Files\colorcontrol\base\impl</Filter>
    </ClCompile>
    <ClCompile Include="HsvColor.cpp">
      <Filter>Source Files\util</Filter>
    </ClCompile>
    <ClCompile Include="RgbController.cpp">
      <Filter>Source Files\colorcontrol</Filter>
    </ClCompile>
    <ClCompile Include="RandomColorFadeInEffect.cpp">
      <Filter>Source Files\colorcontrol\base\impl</Filter>
    </ClCompile>
    <ClCompile Include="StaticColorFadeInEffect.cpp">
      <Filter>Source Files\colorcontrol\base\impl</Filter>
    </ClCompile>
    <ClCompile Include="JenkinsRequestHelper.cpp">
      <Filter>Source Files\jenkins</Filter>
    </ClCompile>
  </ItemGroup>
  <ItemGroup>
    <None Include="..\libx86\SDKDLL.dll">
      <Filter>Resource Files</Filter>
    </None>
    <None Include="packages.config" />
  </ItemGroup>
  <ItemGroup>
    <Library Include="..\libx86\SDKDLL.lib">
      <Filter>Resource Files</Filter>
    </Library>
  </ItemGroup>
</Project>